
Microsoft Visual Studio Solution File, Format Version 12.00
# Visual Studio 15
VisualStudioVersion = 15.0.27130.2024
MinimumVisualStudioVersion = 10.0.40219.1
Project("{151D2E53-A2C4-4D7D-83FE-D05416EBD58E}") = "XmlTransformation", "XmlTransformation\XmlTransformation.deployproj", "{F6C5B3ED-4748-4E9A-9DDC-503BED04B6F8}"
EndProject
Global
	GlobalSection(SolutionConfigurationPlatforms) = preSolution
		Debug|Any CPU = Debug|Any CPU
		Release|Any CPU = Release|Any CPU
	EndGlobalSection
	GlobalSection(ProjectConfigurationPlatforms) = postSolution
		{F6C5B3ED-4748-4E9A-9DDC-503BED04B6F8}.Debug|Any CPU.ActiveCfg = Debug|Any CPU
		{F6C5B3ED-4748-4E9A-9DDC-503BED04B6F8}.Debug|Any CPU.Build.0 = Debug|Any CPU
		{F6C5B3ED-4748-4E9A-9DDC-503BED04B6F8}.Release|Any CPU.ActiveCfg = Release|Any CPU
		{F6C5B3ED-4748-4E9A-9DDC-503BED04B6F8}.Release|Any CPU.Build.0 = Release|Any CPU
	EndGlobalSection
	GlobalSection(SolutionProperties) = preSolution
		HideSolutionNode = FALSE
	EndGlobalSection
	GlobalSection(ExtensibilityGlobals) = postSolution
		SolutionGuid = {8E84E4D1-7AA2-445D-AF28-55DEFA5678E6}
	EndGlobalSection
EndGlobal
